// !$*UTF8*$!
{
	archiveVersion = 1;
	classes = {
	};
	objectVersion = 50;
	objects = {

/* Begin PBXBuildFile section */
		535FCBFD3462FE5293E021CF /* Pods_Smack.framework in Frameworks */ = {isa = PBXBuildFile; fileRef = 751667BC04167F82D1810DD8 /* Pods_Smack.framework */; };
		542212B621C1EA1F009146DA /* AppDelegate.swift in Sources */ = {isa = PBXBuildFile; fileRef = 542212B521C1EA1F009146DA /* AppDelegate.swift */; };
		542212BB21C1EA1F009146DA /* Main.storyboard in Resources */ = {isa = PBXBuildFile; fileRef = 542212B921C1EA1F009146DA /* Main.storyboard */; };
		542212BD21C1EA20009146DA /* Assets.xcassets in Resources */ = {isa = PBXBuildFile; fileRef = 542212BC21C1EA20009146DA /* Assets.xcassets */; };
		542212C021C1EA20009146DA /* LaunchScreen.storyboard in Resources */ = {isa = PBXBuildFile; fileRef = 542212BE21C1EA20009146DA /* LaunchScreen.storyboard */; };
		542212CB21C1F4B7009146DA /* SWRevealViewController.m in Sources */ = {isa = PBXBuildFile; fileRef = 542212CA21C1F4B7009146DA /* SWRevealViewController.m */; };
		549FB40A21CCF6F4003DB8B4 /* RoundedButton.swift in Sources */ = {isa = PBXBuildFile; fileRef = 549FB40921CCF6F4003DB8B4 /* RoundedButton.swift */; };
		54BFC60721C609B100DFF01E /* GradientView.swift in Sources */ = {isa = PBXBuildFile; fileRef = 54BFC60621C609B100DFF01E /* GradientView.swift */; };
		54BFC60A21C795AF00DFF01E /* Constants.swift in Sources */ = {isa = PBXBuildFile; fileRef = 54BFC60921C795AF00DFF01E /* Constants.swift */; };
		54BFC60C21C79FF100DFF01E /* LoginVC.swift in Sources */ = {isa = PBXBuildFile; fileRef = 54BFC60B21C79FF100DFF01E /* LoginVC.swift */; };
		54BFC60E21C870CD00DFF01E /* CreateAccountVC.swift in Sources */ = {isa = PBXBuildFile; fileRef = 54BFC60D21C870CD00DFF01E /* CreateAccountVC.swift */; };
		54BFC61121CB31F200DFF01E /* AuthService.swift in Sources */ = {isa = PBXBuildFile; fileRef = 54BFC61021CB31F200DFF01E /* AuthService.swift */; };
		54C4001D21D0B65000262B88 /* UserDataService.swift in Sources */ = {isa = PBXBuildFile; fileRef = 54C4001C21D0B65000262B88 /* UserDataService.swift */; };
		54C4001F21D2210D00262B88 /* AvatarPickerVC.swift in Sources */ = {isa = PBXBuildFile; fileRef = 54C4001E21D2210D00262B88 /* AvatarPickerVC.swift */; };
		54C4002121D226B200262B88 /* AvatarCell.swift in Sources */ = {isa = PBXBuildFile; fileRef = 54C4002021D226B200262B88 /* AvatarCell.swift */; };
		54C4002321D5AEFB00262B88 /* CircleImage.swift in Sources */ = {isa = PBXBuildFile; fileRef = 54C4002221D5AEFB00262B88 /* CircleImage.swift */; };
		54D6F70C21C352BB004C2AF4 /* ChatVC.swift in Sources */ = {isa = PBXBuildFile; fileRef = 54D6F70B21C352BB004C2AF4 /* ChatVC.swift */; };
		54D6F70E21C352E3004C2AF4 /* ChannelVC.swift in Sources */ = {isa = PBXBuildFile; fileRef = 54D6F70D21C352E3004C2AF4 /* ChannelVC.swift */; };
/* End PBXBuildFile section */

/* Begin PBXFileReference section */
		542212B221C1EA1F009146DA /* Smack.app */ = {isa = PBXFileReference; explicitFileType = wrapper.application; includeInIndex = 0; path = Smack.app; sourceTree = BUILT_PRODUCTS_DIR; };
		542212B521C1EA1F009146DA /* AppDelegate.swift */ = {isa = PBXFileReference; lastKnownFileType = sourcecode.swift; path = AppDelegate.swift; sourceTree = "<group>"; };
		542212BA21C1EA1F009146DA /* Base */ = {isa = PBXFileReference; lastKnownFileType = file.storyboard; name = Base; path = Base.lproj/Main.storyboard; sourceTree = "<group>"; };
		542212BC21C1EA20009146DA /* Assets.xcassets */ = {isa = PBXFileReference; lastKnownFileType = folder.assetcatalog; path = Assets.xcassets; sourceTree = "<group>"; };
		542212BF21C1EA20009146DA /* Base */ = {isa = PBXFileReference; lastKnownFileType = file.storyboard; name = Base; path = Base.lproj/LaunchScreen.storyboard; sourceTree = "<group>"; };
		542212C121C1EA20009146DA /* Info.plist */ = {isa = PBXFileReference; lastKnownFileType = text.plist.xml; path = Info.plist; sourceTree = "<group>"; };
		542212C821C1F4B6009146DA /* Smack-Bridging-Header.h */ = {isa = PBXFileReference; lastKnownFileType = sourcecode.c.h; path = "Smack-Bridging-Header.h"; sourceTree = "<group>"; };
		542212C921C1F4B7009146DA /* SWRevealViewController.h */ = {isa = PBXFileReference; fileEncoding = 4; lastKnownFileType = sourcecode.c.h; path = SWRevealViewController.h; sourceTree = "<group>"; };
		542212CA21C1F4B7009146DA /* SWRevealViewController.m */ = {isa = PBXFileReference; fileEncoding = 4; lastKnownFileType = sourcecode.c.objc; path = SWRevealViewController.m; sourceTree = "<group>"; };
		549FB40921CCF6F4003DB8B4 /* RoundedButton.swift */ = {isa = PBXFileReference; lastKnownFileType = sourcecode.swift; path = RoundedButton.swift; sourceTree = "<group>"; };
		54BFC60621C609B100DFF01E /* GradientView.swift */ = {isa = PBXFileReference; lastKnownFileType = sourcecode.swift; path = GradientView.swift; sourceTree = "<group>"; };
		54BFC60921C795AF00DFF01E /* Constants.swift */ = {isa = PBXFileReference; lastKnownFileType = sourcecode.swift; path = Constants.swift; sourceTree = "<group>"; };
		54BFC60B21C79FF100DFF01E /* LoginVC.swift */ = {isa = PBXFileReference; lastKnownFileType = sourcecode.swift; path = LoginVC.swift; sourceTree = "<group>"; };
		54BFC60D21C870CD00DFF01E /* CreateAccountVC.swift */ = {isa = PBXFileReference; lastKnownFileType = sourcecode.swift; path = CreateAccountVC.swift; sourceTree = "<group>"; };
		54BFC61021CB31F200DFF01E /* AuthService.swift */ = {isa = PBXFileReference; lastKnownFileType = sourcecode.swift; path = AuthService.swift; sourceTree = "<group>"; };
		54C4001C21D0B65000262B88 /* UserDataService.swift */ = {isa = PBXFileReference; lastKnownFileType = sourcecode.swift; path = UserDataService.swift; sourceTree = "<group>"; };
		54C4001E21D2210D00262B88 /* AvatarPickerVC.swift */ = {isa = PBXFileReference; lastKnownFileType = sourcecode.swift; path = AvatarPickerVC.swift; sourceTree = "<group>"; };
		54C4002021D226B200262B88 /* AvatarCell.swift */ = {isa = PBXFileReference; lastKnownFileType = sourcecode.swift; path = AvatarCell.swift; sourceTree = "<group>"; };
		54C4002221D5AEFB00262B88 /* CircleImage.swift */ = {isa = PBXFileReference; lastKnownFileType = sourcecode.swift; path = CircleImage.swift; sourceTree = "<group>"; };
		54D6F70B21C352BB004C2AF4 /* ChatVC.swift */ = {isa = PBXFileReference; lastKnownFileType = sourcecode.swift; path = ChatVC.swift; sourceTree = "<group>"; };
		54D6F70D21C352E3004C2AF4 /* ChannelVC.swift */ = {isa = PBXFileReference; lastKnownFileType = sourcecode.swift; path = ChannelVC.swift; sourceTree = "<group>"; };
		751667BC04167F82D1810DD8 /* Pods_Smack.framework */ = {isa = PBXFileReference; explicitFileType = wrapper.framework; includeInIndex = 0; path = Pods_Smack.framework; sourceTree = BUILT_PRODUCTS_DIR; };
		88C98DCEBECDCA4A9ACF1CDE /* Pods-Smack.release.xcconfig */ = {isa = PBXFileReference; includeInIndex = 1; lastKnownFileType = text.xcconfig; name = "Pods-Smack.release.xcconfig"; path = "Pods/Target Support Files/Pods-Smack/Pods-Smack.release.xcconfig"; sourceTree = "<group>"; };
		E7485A711F423BB97377D23B /* Pods-Smack.debug.xcconfig */ = {isa = PBXFileReference; includeInIndex = 1; lastKnownFileType = text.xcconfig; name = "Pods-Smack.debug.xcconfig"; path = "Pods/Target Support Files/Pods-Smack/Pods-Smack.debug.xcconfig"; sourceTree = "<group>"; };
/* End PBXFileReference section */

/* Begin PBXFrameworksBuildPhase section */
		542212AF21C1EA1F009146DA /* Frameworks */ = {
			isa = PBXFrameworksBuildPhase;
			buildActionMask = 2147483647;
			files = (
				535FCBFD3462FE5293E021CF /* Pods_Smack.framework in Frameworks */,
			);
			runOnlyForDeploymentPostprocessing = 0;
		};
/* End PBXFrameworksBuildPhase section */

/* Begin PBXGroup section */
		431ED16AA9E97B40217DB841 /* Pods */ = {
			isa = PBXGroup;
			children = (
				E7485A711F423BB97377D23B /* Pods-Smack.debug.xcconfig */,
				88C98DCEBECDCA4A9ACF1CDE /* Pods-Smack.release.xcconfig */,
			);
			name = Pods;
			sourceTree = "<group>";
		};
		542212A921C1EA1F009146DA = {
			isa = PBXGroup;
			children = (
				542212C721C1F444009146DA /* Supporting Files */,
				542212B421C1EA1F009146DA /* Smack */,
				542212B321C1EA1F009146DA /* Products */,
				431ED16AA9E97B40217DB841 /* Pods */,
				7A4016C2948A722B738E02C0 /* Frameworks */,
			);
			sourceTree = "<group>";
		};
		542212B321C1EA1F009146DA /* Products */ = {
			isa = PBXGroup;
			children = (
				542212B221C1EA1F009146DA /* Smack.app */,
			);
			name = Products;
			sourceTree = "<group>";
		};
		542212B421C1EA1F009146DA /* Smack */ = {
			isa = PBXGroup;
			children = (
				54BFC60F21CB31D100DFF01E /* Services */,
				54BFC60821C7958500DFF01E /* Utilities */,
				54D6F70721C35173004C2AF4 /* View */,
				54D6F70621C35167004C2AF4 /* Controller */,
				542212B521C1EA1F009146DA /* AppDelegate.swift */,
				542212B921C1EA1F009146DA /* Main.storyboard */,
				542212BC21C1EA20009146DA /* Assets.xcassets */,
				542212BE21C1EA20009146DA /* LaunchScreen.storyboard */,
				542212C121C1EA20009146DA /* Info.plist */,
			);
			path = Smack;
			sourceTree = "<group>";
		};
		542212C721C1F444009146DA /* Supporting Files */ = {
			isa = PBXGroup;
			children = (
				542212C921C1F4B7009146DA /* SWRevealViewController.h */,
				542212CA21C1F4B7009146DA /* SWRevealViewController.m */,
				542212C821C1F4B6009146DA /* Smack-Bridging-Header.h */,
			);
			path = "Supporting Files";
			sourceTree = "<group>";
		};
		54BFC60821C7958500DFF01E /* Utilities */ = {
			isa = PBXGroup;
			children = (
				54BFC60921C795AF00DFF01E /* Constants.swift */,
			);
			path = Utilities;
			sourceTree = "<group>";
		};
		54BFC60F21CB31D100DFF01E /* Services */ = {
			isa = PBXGroup;
			children = (
				54BFC61021CB31F200DFF01E /* AuthService.swift */,
				54C4001C21D0B65000262B88 /* UserDataService.swift */,
			);
			path = Services;
			sourceTree = "<group>";
		};
		54D6F70621C35167004C2AF4 /* Controller */ = {
			isa = PBXGroup;
			children = (
				54D6F70B21C352BB004C2AF4 /* ChatVC.swift */,
				54D6F70D21C352E3004C2AF4 /* ChannelVC.swift */,
				54BFC60B21C79FF100DFF01E /* LoginVC.swift */,
				54BFC60D21C870CD00DFF01E /* CreateAccountVC.swift */,
				54C4001E21D2210D00262B88 /* AvatarPickerVC.swift */,
			);
			path = Controller;
			sourceTree = "<group>";
		};
		54D6F70721C35173004C2AF4 /* View */ = {
			isa = PBXGroup;
			children = (
				54BFC60621C609B100DFF01E /* GradientView.swift */,
				549FB40921CCF6F4003DB8B4 /* RoundedButton.swift */,
				54C4002021D226B200262B88 /* AvatarCell.swift */,
				54C4002221D5AEFB00262B88 /* CircleImage.swift */,
			);
			path = View;
			sourceTree = "<group>";
		};
		7A4016C2948A722B738E02C0 /* Frameworks */ = {
			isa = PBXGroup;
			children = (
				751667BC04167F82D1810DD8 /* Pods_Smack.framework */,
			);
			name = Frameworks;
			sourceTree = "<group>";
		};
/* End PBXGroup section */

/* Begin PBXNativeTarget section */
		542212B121C1EA1F009146DA /* Smack */ = {
			isa = PBXNativeTarget;
			buildConfigurationList = 542212C421C1EA20009146DA /* Build configuration list for PBXNativeTarget "Smack" */;
			buildPhases = (
				21345C000F41B5B6D1C6154D /* [CP] Check Pods Manifest.lock */,
				542212AE21C1EA1F009146DA /* Sources */,
				542212AF21C1EA1F009146DA /* Frameworks */,
				542212B021C1EA1F009146DA /* Resources */,
				CF7A31BFB4E1E99F2314F7AE /* [CP] Embed Pods Frameworks */,
			);
			buildRules = (
			);
			dependencies = (
			);
			name = Smack;
			productName = Smack;
			productReference = 542212B221C1EA1F009146DA /* Smack.app */;
			productType = "com.apple.product-type.application";
		};
/* End PBXNativeTarget section */

/* Begin PBXProject section */
		542212AA21C1EA1F009146DA /* Project object */ = {
			isa = PBXProject;
			attributes = {
				LastSwiftUpdateCheck = 1010;
				LastUpgradeCheck = 1010;
				ORGANIZATIONNAME = "Pavel Ponomarev";
				TargetAttributes = {
					542212B121C1EA1F009146DA = {
						CreatedOnToolsVersion = 10.1;
						LastSwiftMigration = 1010;
					};
				};
			};
			buildConfigurationList = 542212AD21C1EA1F009146DA /* Build configuration list for PBXProject "Smack" */;
			compatibilityVersion = "Xcode 9.3";
			developmentRegion = en;
			hasScannedForEncodings = 0;
			knownRegions = (
				en,
				Base,
			);
			mainGroup = 542212A921C1EA1F009146DA;
			productRefGroup = 542212B321C1EA1F009146DA /* Products */;
			projectDirPath = "";
			projectRoot = "";
			targets = (
				542212B121C1EA1F009146DA /* Smack */,
			);
		};
/* End PBXProject section */

/* Begin PBXResourcesBuildPhase section */
		542212B021C1EA1F009146DA /* Resources */ = {
			isa = PBXResourcesBuildPhase;
			buildActionMask = 2147483647;
			files = (
				542212C021C1EA20009146DA /* LaunchScreen.storyboard in Resources */,
				542212BD21C1EA20009146DA /* Assets.xcassets in Resources */,
				542212BB21C1EA1F009146DA /* Main.storyboard in Resources */,
			);
			runOnlyForDeploymentPostprocessing = 0;
		};
/* End PBXResourcesBuildPhase section */

/* Begin PBXShellScriptBuildPhase section */
		21345C000F41B5B6D1C6154D /* [CP] Check Pods Manifest.lock */ = {
			isa = PBXShellScriptBuildPhase;
			buildActionMask = 2147483647;
			files = (
			);
			inputPaths = (
				"${PODS_PODFILE_DIR_PATH}/Podfile.lock",
				"${PODS_ROOT}/Manifest.lock",
			);
			name = "[CP] Check Pods Manifest.lock";
			outputPaths = (
				"$(DERIVED_FILE_DIR)/Pods-Smack-checkManifestLockResult.txt",
			);
			runOnlyForDeploymentPostprocessing = 0;
			shellPath = /bin/sh;
			shellScript = "diff \"${PODS_PODFILE_DIR_PATH}/Podfile.lock\" \"${PODS_ROOT}/Manifest.lock\" > /dev/null\nif [ $? != 0 ] ; then\n    # print error to STDERR\n    echo \"error: The sandbox is not in sync with the Podfile.lock. Run 'pod install' or update your CocoaPods installation.\" >&2\n    exit 1\nfi\n# This output is used by Xcode 'outputs' to avoid re-running this script phase.\necho \"SUCCESS\" > \"${SCRIPT_OUTPUT_FILE_0}\"\n";
			showEnvVarsInLog = 0;
		};
		CF7A31BFB4E1E99F2314F7AE /* [CP] Embed Pods Frameworks */ = {
			isa = PBXShellScriptBuildPhase;
			buildActionMask = 2147483647;
			files = (
			);
			inputPaths = (
				"${SRCROOT}/Pods/Target Support Files/Pods-Smack/Pods-Smack-frameworks.sh",
				"${BUILT_PRODUCTS_DIR}/Alamofire/Alamofire.framework",
				"${BUILT_PRODUCTS_DIR}/Socket.IO-Client-Swift/SocketIO.framework",
				"${BUILT_PRODUCTS_DIR}/Starscream/Starscream.framework",
				"${BUILT_PRODUCTS_DIR}/SwiftyJSON/SwiftyJSON.framework",
			);
			name = "[CP] Embed Pods Frameworks";
			outputPaths = (
				"${TARGET_BUILD_DIR}/${FRAMEWORKS_FOLDER_PATH}/Alamofire.framework",
				"${TARGET_BUILD_DIR}/${FRAMEWORKS_FOLDER_PATH}/SocketIO.framework",
				"${TARGET_BUILD_DIR}/${FRAMEWORKS_FOLDER_PATH}/Starscream.framework",
				"${TARGET_BUILD_DIR}/${FRAMEWORKS_FOLDER_PATH}/SwiftyJSON.framework",
			);
			runOnlyForDeploymentPostprocessing = 0;
			shellPath = /bin/sh;
			shellScript = "\"${SRCROOT}/Pods/Target Support Files/Pods-Smack/Pods-Smack-frameworks.sh\"\n";
			showEnvVarsInLog = 0;
		};
/* End PBXShellScriptBuildPhase section */

/* Begin PBXSourcesBuildPhase section */
		542212AE21C1EA1F009146DA /* Sources */ = {
			isa = PBXSourcesBuildPhase;
			buildActionMask = 2147483647;
			files = (
				54D6F70E21C352E3004C2AF4 /* ChannelVC.swift in Sources */,
				54C4001F21D2210D00262B88 /* AvatarPickerVC.swift in Sources */,
				549FB40A21CCF6F4003DB8B4 /* RoundedButton.swift in Sources */,
				54C4002321D5AEFB00262B88 /* CircleImage.swift in Sources */,
				54D6F70C21C352BB004C2AF4 /* ChatVC.swift in Sources */,
				54C4001D21D0B65000262B88 /* UserDataService.swift in Sources */,
				54BFC60E21C870CD00DFF01E /* CreateAccountVC.swift in Sources */,
				54BFC61121CB31F200DFF01E /* AuthService.swift in Sources */,
				54BFC60C21C79FF100DFF01E /* LoginVC.swift in Sources */,
				54BFC60721C609B100DFF01E /* GradientView.swift in Sources */,
				54C4002121D226B200262B88 /* AvatarCell.swift in Sources */,
				542212B621C1EA1F009146DA /* AppDelegate.swift in Sources */,
				542212CB21C1F4B7009146DA /* SWRevealViewController.m in Sources */,
				54BFC60A21C795AF00DFF01E /* Constants.swift in Sources */,
			);
			runOnlyForDeploymentPostprocessing = 0;
		};
/* End PBXSourcesBuildPhase section */

/* Begin PBXVariantGroup section */
		542212B921C1EA1F009146DA /* Main.storyboard */ = {
			isa = PBXVariantGroup;
			children = (
				542212BA21C1EA1F009146DA /* Base */,
			);
			name = Main.storyboard;
			sourceTree = "<group>";
		};
		542212BE21C1EA20009146DA /* LaunchScreen.storyboard */ = {
			isa = PBXVariantGroup;
			children = (
				542212BF21C1EA20009146DA /* Base */,
			);
			name = LaunchScreen.storyboard;
			sourceTree = "<group>";
		};
/* End PBXVariantGroup section */

/* Begin XCBuildConfiguration section */
		542212C221C1EA20009146DA /* Debug */ = {
			isa = XCBuildConfiguration;
			buildSettings = {
				ALWAYS_SEARCH_USER_PATHS = NO;
				CLANG_ANALYZER_NONNULL = YES;
				CLANG_ANALYZER_NUMBER_OBJECT_CONVERSION = YES_AGGRESSIVE;
				CLANG_CXX_LANGUAGE_STANDARD = "gnu++14";
				CLANG_CXX_LIBRARY = "libc++";
				CLANG_ENABLE_MODULES = YES;
				CLANG_ENABLE_OBJC_ARC = YES;
				CLANG_ENABLE_OBJC_WEAK = YES;
				CLANG_WARN_BLOCK_CAPTURE_AUTORELEASING = YES;
				CLANG_WARN_BOOL_CONVERSION = YES;
				CLANG_WARN_COMMA = YES;
				CLANG_WARN_CONSTANT_CONVERSION = YES;
				CLANG_WARN_DEPRECATED_OBJC_IMPLEMENTATIONS = YES;
				CLANG_WARN_DIRECT_OBJC_ISA_USAGE = YES_ERROR;
				CLANG_WARN_DOCUMENTATION_COMMENTS = YES;
				CLANG_WARN_EMPTY_BODY = YES;
				CLANG_WARN_ENUM_CONVERSION = YES;
				CLANG_WARN_INFINITE_RECURSION = YES;
				CLANG_WARN_INT_CONVERSION = YES;
				CLANG_WARN_NON_LITERAL_NULL_CONVERSION = YES;
				CLANG_WARN_OBJC_IMPLICIT_RETAIN_SELF = YES;
				CLANG_WARN_OBJC_LITERAL_CONVERSION = YES;
				CLANG_WARN_OBJC_ROOT_CLASS = YES_ERROR;
				CLANG_WARN_RANGE_LOOP_ANALYSIS = YES;
				CLANG_WARN_STRICT_PROTOTYPES = YES;
				CLANG_WARN_SUSPICIOUS_MOVE = YES;
				CLANG_WARN_UNGUARDED_AVAILABILITY = YES_AGGRESSIVE;
				CLANG_WARN_UNREACHABLE_CODE = YES;
				CLANG_WARN__DUPLICATE_METHOD_MATCH = YES;
				CODE_SIGN_IDENTITY = "iPhone Developer";
				COPY_PHASE_STRIP = NO;
				DEBUG_INFORMATION_FORMAT = dwarf;
				ENABLE_STRICT_OBJC_MSGSEND = YES;
				ENABLE_TESTABILITY = YES;
				GCC_C_LANGUAGE_STANDARD = gnu11;
				GCC_DYNAMIC_NO_PIC = NO;
				GCC_NO_COMMON_BLOCKS = YES;
				GCC_OPTIMIZATION_LEVEL = 0;
				GCC_PREPROCESSOR_DEFINITIONS = (
					"DEBUG=1",
					"$(inherited)",
				);
				GCC_WARN_64_TO_32_BIT_CONVERSION = YES;
				GCC_WARN_ABOUT_RETURN_TYPE = YES_ERROR;
				GCC_WARN_UNDECLARED_SELECTOR = YES;
				GCC_WARN_UNINITIALIZED_AUTOS = YES_AGGRESSIVE;
				GCC_WARN_UNUSED_FUNCTION = YES;
				GCC_WARN_UNUSED_VARIABLE = YES;
				IPHONEOS_DEPLOYMENT_TARGET = 12.1;
				MTL_ENABLE_DEBUG_INFO = INCLUDE_SOURCE;
				MTL_FAST_MATH = YES;
				ONLY_ACTIVE_ARCH = YES;
				SDKROOT = iphoneos;
				SWIFT_ACTIVE_COMPILATION_CONDITIONS = DEBUG;
				SWIFT_OPTIMIZATION_LEVEL = "-Onone";
			};
			name = Debug;
		};
		542212C321C1EA20009146DA /* Release */ = {
			isa = XCBuildConfiguration;
			buildSettings = {
				ALWAYS_SEARCH_USER_PATHS = NO;
				CLANG_ANALYZER_NONNULL = YES;
				CLANG_ANALYZER_NUMBER_OBJECT_CONVERSION = YES_AGGRESSIVE;
				CLANG_CXX_LANGUAGE_STANDARD = "gnu++14";
				CLANG_CXX_LIBRARY = "libc++";
				CLANG_ENABLE_MODULES = YES;
				CLANG_ENABLE_OBJC_ARC = YES;
				CLANG_ENABLE_OBJC_WEAK = YES;
				CLANG_WARN_BLOCK_CAPTURE_AUTORELEASING = YES;
				CLANG_WARN_BOOL_CONVERSION = YES;
				CLANG_WARN_COMMA = YES;
				CLANG_WARN_CONSTANT_CONVERSION = YES;
				CLANG_WARN_DEPRECATED_OBJC_IMPLEMENTATIONS = YES;
				CLANG_WARN_DIRECT_OBJC_ISA_USAGE = YES_ERROR;
				CLANG_WARN_DOCUMENTATION_COMMENTS = YES;
				CLANG_WARN_EMPTY_BODY = YES;
				CLANG_WARN_ENUM_CONVERSION = YES;
				CLANG_WARN_INFINITE_RECURSION = YES;
				CLANG_WARN_INT_CONVERSION = YES;
				CLANG_WARN_NON_LITERAL_NULL_CONVERSION = YES;
				CLANG_WARN_OBJC_IMPLICIT_RETAIN_SELF = YES;
				CLANG_WARN_OBJC_LITERAL_CONVERSION = YES;
				CLANG_WARN_OBJC_ROOT_CLASS = YES_ERROR;
				CLANG_WARN_RANGE_LOOP_ANALYSIS = YES;
				CLANG_WARN_STRICT_PROTOTYPES = YES;
				CLANG_WARN_SUSPICIOUS_MOVE = YES;
				CLANG_WARN_UNGUARDED_AVAILABILITY = YES_AGGRESSIVE;
				CLANG_WARN_UNREACHABLE_CODE = YES;
				CLANG_WARN__DUPLICATE_METHOD_MATCH = YES;
				CODE_SIGN_IDENTITY = "iPhone Developer";
				COPY_PHASE_STRIP = NO;
				DEBUG_INFORMATION_FORMAT = "dwarf-with-dsym";
				ENABLE_NS_ASSERTIONS = NO;
				ENABLE_STRICT_OBJC_MSGSEND = YES;
				GCC_C_LANGUAGE_STANDARD = gnu11;
				GCC_NO_COMMON_BLOCKS = YES;
				GCC_WARN_64_TO_32_BIT_CONVERSION = YES;
				GCC_WARN_ABOUT_RETURN_TYPE = YES_ERROR;
				GCC_WARN_UNDECLARED_SELECTOR = YES;
				GCC_WARN_UNINITIALIZED_AUTOS = YES_AGGRESSIVE;
				GCC_WARN_UNUSED_FUNCTION = YES;
				GCC_WARN_UNUSED_VARIABLE = YES;
				IPHONEOS_DEPLOYMENT_TARGET = 12.1;
				MTL_ENABLE_DEBUG_INFO = NO;
				MTL_FAST_MATH = YES;
				SDKROOT = iphoneos;
				SWIFT_COMPILATION_MODE = wholemodule;
				SWIFT_OPTIMIZATION_LEVEL = "-O";
				VALIDATE_PRODUCT = YES;
			};
			name = Release;
		};
		542212C521C1EA20009146DA /* Debug */ = {
			isa = XCBuildConfiguration;
			baseConfigurationReference = E7485A711F423BB97377D23B /* Pods-Smack.debug.xcconfig */;
			buildSettings = {
				ASSETCATALOG_COMPILER_APPICON_NAME = AppIcon;
				CLANG_ENABLE_MODULES = YES;
				CODE_SIGN_STYLE = Automatic;
				INFOPLIST_FILE = Smack/Info.plist;
				LD_RUNPATH_SEARCH_PATHS = (
					"$(inherited)",
					"@executable_path/Frameworks",
				);
				PRODUCT_BUNDLE_IDENTIFIER = com.neverwinter9.Smack;
				PRODUCT_NAME = "$(TARGET_NAME)";
				SWIFT_OBJC_BRIDGING_HEADER = "Supporting Files/Smack-Bridging-Header.h";
				SWIFT_OPTIMIZATION_LEVEL = "-Onone";
				SWIFT_VERSION = 4.2;
				TARGETED_DEVICE_FAMILY = "1,2";
			};
			name = Debug;
		};
		542212C621C1EA20009146DA /* Release */ = {
			isa = XCBuildConfiguration;
			baseConfigurationReference = 88C98DCEBECDCA4A9ACF1CDE /* Pods-Smack.release.xcconfig */;
			buildSettings = {
				ASSETCATALOG_COMPILER_APPICON_NAME = AppIcon;
				CLANG_ENABLE_MODULES = YES;
				CODE_SIGN_STYLE = Automatic;
				INFOPLIST_FILE = Smack/Info.plist;
				LD_RUNPATH_SEARCH_PATHS = (
					"$(inherited)",
					"@executable_path/Frameworks",
				);
				PRODUCT_BUNDLE_IDENTIFIER = com.neverwinter9.Smack;
				PRODUCT_NAME = "$(TARGET_NAME)";
				SWIFT_OBJC_BRIDGING_HEADER = "Supporting Files/Smack-Bridging-Header.h";
				SWIFT_VERSION = 4.2;
				TARGETED_DEVICE_FAMILY = "1,2";
			};
			name = Release;
		};
/* End XCBuildConfiguration section */

/* Begin XCConfigurationList section */
		542212AD21C1EA1F009146DA /* Build configuration list for PBXProject "Smack" */ = {
			isa = XCConfigurationList;
			buildConfigurations = (
				542212C221C1EA20009146DA /* Debug */,
				542212C321C1EA20009146DA /* Release */,
			);
			defaultConfigurationIsVisible = 0;
			defaultConfigurationName = Release;
		};
		542212C421C1EA20009146DA /* Build configuration list for PBXNativeTarget "Smack" */ = {
			isa = XCConfigurationList;
			buildConfigurations = (
				542212C521C1EA20009146DA /* Debug */,
				542212C621C1EA20009146DA /* Release */,
			);
			defaultConfigurationIsVisible = 0;
			defaultConfigurationName = Release;
		};
/* End XCConfigurationList section */
	};
	rootObject = 542212AA21C1EA1F009146DA /* Project object */;
}
